
Microsoft Visual Studio Solution File, Format Version 12.00
# Visual Studio Version 16
VisualStudioVersion = 16.0.29728.190
MinimumVisualStudioVersion = 10.0.40219.1
Project("{FAE04EC0-301F-11D3-BF4B-00C04F79EFBC}") = "MagicDestoyers", "MagicDestoyers\MagicDestoyers.csproj", "{51AAF96C-AF0E-4433-9318-ADC10D2AE0F8}"
EndProject
Global
	GlobalSection(SolutionConfigurationPlatforms) = preSolution
		Debug|Any CPU = Debug|Any CPU
		Release|Any CPU = Release|Any CPU
	EndGlobalSection
	GlobalSection(ProjectConfigurationPlatforms) = postSolution
		{51AAF96C-AF0E-4433-9318-ADC10D2AE0F8}.Debug|Any CPU.ActiveCfg = Debug|Any CPU
		{51AAF96C-AF0E-4433-9318-ADC10D2AE0F8}.Debug|Any CPU.Build.0 = Debug|Any CPU
		{51AAF96C-AF0E-4433-9318-ADC10D2AE0F8}.Release|Any CPU.ActiveCfg = Release|Any CPU
		{51AAF96C-AF0E-4433-9318-ADC10D2AE0F8}.Release|Any CPU.Build.0 = Release|Any CPU
	EndGlobalSection
	GlobalSection(SolutionProperties) = preSolution
		HideSolutionNode = FALSE
	EndGlobalSection
	GlobalSection(ExtensibilityGlobals) = postSolution
		SolutionGuid = {B03C1BA2-F2C8-4849-88CB-65561096D3F1}
	EndGlobalSection
EndGlobal
